// !$*UTF8*$!
{
	archiveVersion = 1;
	classes = {
	};
	objectVersion = 56;
	objects = {

/* Begin PBXBuildFile section */
		064DA0432BF410660051E798 /* AppDelegate.swift in Sources */ = {isa = PBXBuildFile; fileRef = 064DA0422BF410660051E798 /* AppDelegate.swift */; };
		064DA0452BF410660051E798 /* SceneDelegate.swift in Sources */ = {isa = PBXBuildFile; fileRef = 064DA0442BF410660051E798 /* SceneDelegate.swift */; };
		064DA0472BF410660051E798 /* ViewController.swift in Sources */ = {isa = PBXBuildFile; fileRef = 064DA0462BF410660051E798 /* ViewController.swift */; };
		064DA04A2BF410660051E798 /* Base in Resources */ = {isa = PBXBuildFile; fileRef = 064DA0492BF410660051E798 /* Base */; };
		064DA04C2BF410670051E798 /* Assets.xcassets in Resources */ = {isa = PBXBuildFile; fileRef = 064DA04B2BF410670051E798 /* Assets.xcassets */; };
		064DA04F2BF410670051E798 /* Base in Resources */ = {isa = PBXBuildFile; fileRef = 064DA04E2BF410670051E798 /* Base */; };
		C056AEBE2C2250F200F4A886 /* registerViewController.swift in Sources */ = {isa = PBXBuildFile; fileRef = C056AEBD2C2250F200F4A886 /* registerViewController.swift */; };
		C06039DE2C0FDD36002B44D2 /* inicioViewController.swift in Sources */ = {isa = PBXBuildFile; fileRef = C06039DD2C0FDD36002B44D2 /* inicioViewController.swift */; };
		D79524EF2BFCDDE600B06C94 /* CustomTextField.swift in Sources */ = {isa = PBXBuildFile; fileRef = D79524EE2BFCDDE600B06C94 /* CustomTextField.swift */; };
		D7E8BB002C0F37C9003CD2D0 /* CustomButton.swift in Sources */ = {isa = PBXBuildFile; fileRef = D7E8BAFF2C0F37C9003CD2D0 /* CustomButton.swift */; };
/* End PBXBuildFile section */

/* Begin PBXFileReference section */
		064DA03F2BF410660051E798 /* myLibrary.app */ = {isa = PBXFileReference; explicitFileType = wrapper.application; includeInIndex = 0; path = myLibrary.app; sourceTree = BUILT_PRODUCTS_DIR; };
		064DA0422BF410660051E798 /* AppDelegate.swift */ = {isa = PBXFileReference; lastKnownFileType = sourcecode.swift; path = AppDelegate.swift; sourceTree = "<group>"; };
		064DA0442BF410660051E798 /* SceneDelegate.swift */ = {isa = PBXFileReference; lastKnownFileType = sourcecode.swift; path = SceneDelegate.swift; sourceTree = "<group>"; };
		064DA0462BF410660051E798 /* ViewController.swift */ = {isa = PBXFileReference; lastKnownFileType = sourcecode.swift; path = ViewController.swift; sourceTree = "<group>"; };
		064DA0492BF410660051E798 /* Base */ = {isa = PBXFileReference; lastKnownFileType = file.storyboard; name = Base; path = Base.lproj/Main.storyboard; sourceTree = "<group>"; };
		064DA04B2BF410670051E798 /* Assets.xcassets */ = {isa = PBXFileReference; lastKnownFileType = folder.assetcatalog; path = Assets.xcassets; sourceTree = "<group>"; };
		064DA04E2BF410670051E798 /* Base */ = {isa = PBXFileReference; lastKnownFileType = file.storyboard; name = Base; path = Base.lproj/LaunchScreen.storyboard; sourceTree = "<group>"; };
		064DA0502BF410670051E798 /* Info.plist */ = {isa = PBXFileReference; lastKnownFileType = text.plist.xml; path = Info.plist; sourceTree = "<group>"; };
		C056AEBD2C2250F200F4A886 /* registerViewController.swift */ = {isa = PBXFileReference; lastKnownFileType = sourcecode.swift; path = registerViewController.swift; sourceTree = "<group>"; };
		C06039DD2C0FDD36002B44D2 /* inicioViewController.swift */ = {isa = PBXFileReference; lastKnownFileType = sourcecode.swift; path = inicioViewController.swift; sourceTree = "<group>"; };
		D79524EE2BFCDDE600B06C94 /* CustomTextField.swift */ = {isa = PBXFileReference; lastKnownFileType = sourcecode.swift; path = CustomTextField.swift; sourceTree = "<group>"; };
		D7E8BAFF2C0F37C9003CD2D0 /* CustomButton.swift */ = {isa = PBXFileReference; lastKnownFileType = sourcecode.swift; path = CustomButton.swift; sourceTree = "<group>"; };
/* End PBXFileReference section */

/* Begin PBXFrameworksBuildPhase section */
		064DA03C2BF410660051E798 /* Frameworks */ = {
			isa = PBXFrameworksBuildPhase;
			buildActionMask = 2147483647;
			files = (
			);
			runOnlyForDeploymentPostprocessing = 0;
		};
/* End PBXFrameworksBuildPhase section */

/* Begin PBXGroup section */
		064DA0362BF410660051E798 = {
			isa = PBXGroup;
			children = (
				064DA0412BF410660051E798 /* myLibrary */,
				064DA0402BF410660051E798 /* Products */,
			);
			sourceTree = "<group>";
		};
		064DA0402BF410660051E798 /* Products */ = {
			isa = PBXGroup;
			children = (
				064DA03F2BF410660051E798 /* myLibrary.app */,
			);
			name = Products;
			sourceTree = "<group>";
		};
		064DA0412BF410660051E798 /* myLibrary */ = {
			isa = PBXGroup;
			children = (
				D79524EE2BFCDDE600B06C94 /* CustomTextField.swift */,
				D7E8BAFF2C0F37C9003CD2D0 /* CustomButton.swift */,
				064DA0422BF410660051E798 /* AppDelegate.swift */,
				064DA0442BF410660051E798 /* SceneDelegate.swift */,
				064DA0462BF410660051E798 /* ViewController.swift */,
				C056AEBD2C2250F200F4A886 /* registerViewController.swift */,
				C06039DD2C0FDD36002B44D2 /* inicioViewController.swift */,
				064DA0482BF410660051E798 /* Main.storyboard */,
				064DA04B2BF410670051E798 /* Assets.xcassets */,
				064DA04D2BF410670051E798 /* LaunchScreen.storyboard */,
				064DA0502BF410670051E798 /* Info.plist */,
			);
			path = myLibrary;
			sourceTree = "<group>";
		};
/* End PBXGroup section */

/* Begin PBXNativeTarget section */
		064DA03E2BF410660051E798 /* myLibrary */ = {
			isa = PBXNativeTarget;
			buildConfigurationList = 064DA0532BF410670051E798 /* Build configuration list for PBXNativeTarget "myLibrary" */;
			buildPhases = (
				064DA03B2BF410660051E798 /* Sources */,
				064DA03C2BF410660051E798 /* Frameworks */,
				064DA03D2BF410660051E798 /* Resources */,
			);
			buildRules = (
			);
			dependencies = (
			);
			name = myLibrary;
			productName = myLibrary;
			productReference = 064DA03F2BF410660051E798 /* myLibrary.app */;
			productType = "com.apple.product-type.application";
		};
/* End PBXNativeTarget section */

/* Begin PBXProject section */
		064DA0372BF410660051E798 /* Project object */ = {
			isa = PBXProject;
			attributes = {
				BuildIndependentTargetsInParallel = 1;
				LastSwiftUpdateCheck = 1530;
				LastUpgradeCheck = 1530;
				TargetAttributes = {
					064DA03E2BF410660051E798 = {
						CreatedOnToolsVersion = 15.3;
					};
				};
			};
			buildConfigurationList = 064DA03A2BF410660051E798 /* Build configuration list for PBXProject "myLibrary" */;
			compatibilityVersion = "Xcode 14.0";
			developmentRegion = en;
			hasScannedForEncodings = 0;
			knownRegions = (
				en,
				Base,
			);
			mainGroup = 064DA0362BF410660051E798;
			productRefGroup = 064DA0402BF410660051E798 /* Products */;
			projectDirPath = "";
			projectRoot = "";
			targets = (
				064DA03E2BF410660051E798 /* myLibrary */,
			);
		};
/* End PBXProject section */

/* Begin PBXResourcesBuildPhase section */
		064DA03D2BF410660051E798 /* Resources */ = {
			isa = PBXResourcesBuildPhase;
			buildActionMask = 2147483647;
			files = (
				064DA04C2BF410670051E798 /* Assets.xcassets in Resources */,
				064DA04F2BF410670051E798 /* Base in Resources */,
				064DA04A2BF410660051E798 /* Base in Resources */,
			);
			runOnlyForDeploymentPostprocessing = 0;
		};
/* End PBXResourcesBuildPhase section */

/* Begin PBXSourcesBuildPhase section */
		064DA03B2BF410660051E798 /* Sources */ = {
			isa = PBXSourcesBuildPhase;
			buildActionMask = 2147483647;
			files = (
				D79524EF2BFCDDE600B06C94 /* CustomTextField.swift in Sources */,
				064DA0472BF410660051E798 /* ViewController.swift in Sources */,
				064DA0432BF410660051E798 /* AppDelegate.swift in Sources */,
				C06039DE2C0FDD36002B44D2 /* inicioViewController.swift in Sources */,
				064DA0452BF410660051E798 /* SceneDelegate.swift in Sources */,
				D7E8BB002C0F37C9003CD2D0 /* CustomButton.swift in Sources */,
				C056AEBE2C2250F200F4A886 /* registerViewController.swift in Sources */,
			);
			runOnlyForDeploymentPostprocessing = 0;
		};
/* End PBXSourcesBuildPhase section */

/* Begin PBXVariantGroup section */
		064DA0482BF410660051E798 /* Main.storyboard */ = {
			isa = PBXVariantGroup;
			children = (
				064DA0492BF410660051E798 /* Base */,
			);
			name = Main.storyboard;
			sourceTree = "<group>";
		};
		064DA04D2BF410670051E798 /* LaunchScreen.storyboard */ = {
			isa = PBXVariantGroup;
			children = (
				064DA04E2BF410670051E798 /* Base */,
			);
			name = LaunchScreen.storyboard;
			sourceTree = "<group>";
		};
/* End PBXVariantGroup section */

/* Begin XCBuildConfiguration section */
		064DA0512BF410670051E798 /* Debug */ = {
			isa = XCBuildConfiguration;
			buildSettings = {
				ALWAYS_SEARCH_USER_PATHS = NO;
				ASSETCATALOG_COMPILER_GENERATE_SWIFT_ASSET_SYMBOL_EXTENSIONS = YES;
				CLANG_ANALYZER_NONNULL = YES;
				CLANG_ANALYZER_NUMBER_OBJECT_CONVERSION = YES_AGGRESSIVE;
				CLANG_CXX_LANGUAGE_STANDARD = "gnu++20";
				CLANG_ENABLE_MODULES = YES;
				CLANG_ENABLE_OBJC_ARC = YES;
				CLANG_ENABLE_OBJC_WEAK = YES;
				CLANG_WARN_BLOCK_CAPTURE_AUTORELEASING = YES;
				CLANG_WARN_BOOL_CONVERSION = YES;
				CLANG_WARN_COMMA = YES;
				CLANG_WARN_CONSTANT_CONVERSION = YES;
				CLANG_WARN_DEPRECATED_OBJC_IMPLEMENTATIONS = YES;
				CLANG_WARN_DIRECT_OBJC_ISA_USAGE = YES_ERROR;
				CLANG_WARN_DOCUMENTATION_COMMENTS = YES;
				CLANG_WARN_EMPTY_BODY = YES;
				CLANG_WARN_ENUM_CONVERSION = YES;
				CLANG_WARN_INFINITE_RECURSION = YES;
				CLANG_WARN_INT_CONVERSION = YES;
				CLANG_WARN_NON_LITERAL_NULL_CONVERSION = YES;
				CLANG_WARN_OBJC_IMPLICIT_RETAIN_SELF = YES;
				CLANG_WARN_OBJC_LITERAL_CONVERSION = YES;
				CLANG_WARN_OBJC_ROOT_CLASS = YES_ERROR;
				CLANG_WARN_QUOTED_INCLUDE_IN_FRAMEWORK_HEADER = YES;
				CLANG_WARN_RANGE_LOOP_ANALYSIS = YES;
				CLANG_WARN_STRICT_PROTOTYPES = YES;
				CLANG_WARN_SUSPICIOUS_MOVE = YES;
				CLANG_WARN_UNGUARDED_AVAILABILITY = YES_AGGRESSIVE;
				CLANG_WARN_UNREACHABLE_CODE = YES;
				CLANG_WARN__DUPLICATE_METHOD_MATCH = YES;
				COPY_PHASE_STRIP = NO;
				DEBUG_INFORMATION_FORMAT = dwarf;
				ENABLE_STRICT_OBJC_MSGSEND = YES;
				ENABLE_TESTABILITY = YES;
				ENABLE_USER_SCRIPT_SANDBOXING = YES;
				GCC_C_LANGUAGE_STANDARD = gnu17;
				GCC_DYNAMIC_NO_PIC = NO;
				GCC_NO_COMMON_BLOCKS = YES;
				GCC_OPTIMIZATION_LEVEL = 0;
				GCC_PREPROCESSOR_DEFINITIONS = (
					"DEBUG=1",
					"$(inherited)",
				);
				GCC_WARN_64_TO_32_BIT_CONVERSION = YES;
				GCC_WARN_ABOUT_RETURN_TYPE = YES_ERROR;
				GCC_WARN_UNDECLARED_SELECTOR = YES;
				GCC_WARN_UNINITIALIZED_AUTOS = YES_AGGRESSIVE;
				GCC_WARN_UNUSED_FUNCTION = YES;
				GCC_WARN_UNUSED_VARIABLE = YES;
				IPHONEOS_DEPLOYMENT_TARGET = 17.4;
				LOCALIZATION_PREFERS_STRING_CATALOGS = YES;
				MTL_ENABLE_DEBUG_INFO = INCLUDE_SOURCE;
				MTL_FAST_MATH = YES;
				ONLY_ACTIVE_ARCH = YES;
				SDKROOT = iphoneos;
				SWIFT_ACTIVE_COMPILATION_CONDITIONS = "DEBUG $(inherited)";
				SWIFT_OPTIMIZATION_LEVEL = "-Onone";
			};
			name = Debug;
		};
		064DA0522BF410670051E798 /* Release */ = {
			isa = XCBuildConfiguration;
			buildSettings = {
				ALWAYS_SEARCH_USER_PATHS = NO;
				ASSETCATALOG_COMPILER_GENERATE_SWIFT_ASSET_SYMBOL_EXTENSIONS = YES;
				CLANG_ANALYZER_NONNULL = YES;
				CLANG_ANALYZER_NUMBER_OBJECT_CONVERSION = YES_AGGRESSIVE;
				CLANG_CXX_LANGUAGE_STANDARD = "gnu++20";
				CLANG_ENABLE_MODULES = YES;
				CLANG_ENABLE_OBJC_ARC = YES;
				CLANG_ENABLE_OBJC_WEAK = YES;
				CLANG_WARN_BLOCK_CAPTURE_AUTORELEASING = YES;
				CLANG_WARN_BOOL_CONVERSION = YES;
				CLANG_WARN_COMMA = YES;
				CLANG_WARN_CONSTANT_CONVERSION = YES;
				CLANG_WARN_DEPRECATED_OBJC_IMPLEMENTATIONS = YES;
				CLANG_WARN_DIRECT_OBJC_ISA_USAGE = YES_ERROR;
				CLANG_WARN_DOCUMENTATION_COMMENTS = YES;
				CLANG_WARN_EMPTY_BODY = YES;
				CLANG_WARN_ENUM_CONVERSION = YES;
				CLANG_WARN_INFINITE_RECURSION = YES;
				CLANG_WARN_INT_CONVERSION = YES;
				CLANG_WARN_NON_LITERAL_NULL_CONVERSION = YES;
				CLANG_WARN_OBJC_IMPLICIT_RETAIN_SELF = YES;
				CLANG_WARN_OBJC_LITERAL_CONVERSION = YES;
				CLANG_WARN_OBJC_ROOT_CLASS = YES_ERROR;
				CLANG_WARN_QUOTED_INCLUDE_IN_FRAMEWORK_HEADER = YES;
				CLANG_WARN_RANGE_LOOP_ANALYSIS = YES;
				CLANG_WARN_STRICT_PROTOTYPES = YES;
				CLANG_WARN_SUSPICIOUS_MOVE = YES;
				CLANG_WARN_UNGUARDED_AVAILABILITY = YES_AGGRESSIVE;
				CLANG_WARN_UNREACHABLE_CODE = YES;
				CLANG_WARN__DUPLICATE_METHOD_MATCH = YES;
				COPY_PHASE_STRIP = NO;
				DEBUG_INFORMATION_FORMAT = "dwarf-with-dsym";
				ENABLE_NS_ASSERTIONS = NO;
				ENABLE_STRICT_OBJC_MSGSEND = YES;
				ENABLE_USER_SCRIPT_SANDBOXING = YES;
				GCC_C_LANGUAGE_STANDARD = gnu17;
				GCC_NO_COMMON_BLOCKS = YES;
				GCC_WARN_64_TO_32_BIT_CONVERSION = YES;
				GCC_WARN_ABOUT_RETURN_TYPE = YES_ERROR;
				GCC_WARN_UNDECLARED_SELECTOR = YES;
				GCC_WARN_UNINITIALIZED_AUTOS = YES_AGGRESSIVE;
				GCC_WARN_UNUSED_FUNCTION = YES;
				GCC_WARN_UNUSED_VARIABLE = YES;
				IPHONEOS_DEPLOYMENT_TARGET = 17.4;
				LOCALIZATION_PREFERS_STRING_CATALOGS = YES;
				MTL_ENABLE_DEBUG_INFO = NO;
				MTL_FAST_MATH = YES;
				SDKROOT = iphoneos;
				SWIFT_COMPILATION_MODE = wholemodule;
				VALIDATE_PRODUCT = YES;
			};
			name = Release;
		};
		064DA0542BF410670051E798 /* Debug */ = {
			isa = XCBuildConfiguration;
			buildSettings = {
				ASSETCATALOG_COMPILER_APPICON_NAME = AppIcon;
				ASSETCATALOG_COMPILER_GLOBAL_ACCENT_COLOR_NAME = AccentColor;
				CODE_SIGN_STYLE = Automatic;
				CURRENT_PROJECT_VERSION = 1;
				GENERATE_INFOPLIST_FILE = YES;
				INFOPLIST_FILE = myLibrary/Info.plist;
				INFOPLIST_KEY_UIApplicationSupportsIndirectInputEvents = YES;
				INFOPLIST_KEY_UILaunchStoryboardName = LaunchScreen;
				INFOPLIST_KEY_UIMainStoryboardFile = Main;
				INFOPLIST_KEY_UISupportedInterfaceOrientations_iPad = "UIInterfaceOrientationPortrait UIInterfaceOrientationPortraitUpsideDown UIInterfaceOrientationLandscapeLeft UIInterfaceOrientationLandscapeRight";
				INFOPLIST_KEY_UISupportedInterfaceOrientations_iPhone = "UIInterfaceOrientationPortrait UIInterfaceOrientationLandscapeLeft UIInterfaceOrientationLandscapeRight";
				LD_RUNPATH_SEARCH_PATHS = (
					"$(inherited)",
					"@executable_path/Frameworks",
				);
				MARKETING_VERSION = 1.0;
				PRODUCT_BUNDLE_IDENTIFIER = iOSlabtest.myLibrary;
				PRODUCT_NAME = "$(TARGET_NAME)";
				SWIFT_EMIT_LOC_STRINGS = YES;
				SWIFT_VERSION = 5.0;
				TARGETED_DEVICE_FAMILY = "1,2";
			};
			name = Debug;
		};
		064DA0552BF410670051E798 /* Release */ = {
			isa = XCBuildConfiguration;
			buildSettings = {
				ASSETCATALOG_COMPILER_APPICON_NAME = AppIcon;
				ASSETCATALOG_COMPILER_GLOBAL_ACCENT_COLOR_NAME = AccentColor;
				CODE_SIGN_STYLE = Automatic;
				CURRENT_PROJECT_VERSION = 1;
				GENERATE_INFOPLIST_FILE = YES;
				INFOPLIST_FILE = myLibrary/Info.plist;
				INFOPLIST_KEY_UIApplicationSupportsIndirectInputEvents = YES;
				INFOPLIST_KEY_UILaunchStoryboardName = LaunchScreen;
				INFOPLIST_KEY_UIMainStoryboardFile = Main;
				INFOPLIST_KEY_UISupportedInterfaceOrientations_iPad = "UIInterfaceOrientationPortrait UIInterfaceOrientationPortraitUpsideDown UIInterfaceOrientationLandscapeLeft UIInterfaceOrientationLandscapeRight";
				INFOPLIST_KEY_UISupportedInterfaceOrientations_iPhone = "UIInterfaceOrientationPortrait UIInterfaceOrientationLandscapeLeft UIInterfaceOrientationLandscapeRight";
				LD_RUNPATH_SEARCH_PATHS = (
					"$(inherited)",
					"@executable_path/Frameworks",
				);
				MARKETING_VERSION = 1.0;
				PRODUCT_BUNDLE_IDENTIFIER = iOSlabtest.myLibrary;
				PRODUCT_NAME = "$(TARGET_NAME)";
				SWIFT_EMIT_LOC_STRINGS = YES;
				SWIFT_VERSION = 5.0;
				TARGETED_DEVICE_FAMILY = "1,2";
			};
			name = Release;
		};
/* End XCBuildConfiguration section */

/* Begin XCConfigurationList section */
		064DA03A2BF410660051E798 /* Build configuration list for PBXProject "myLibrary" */ = {
			isa = XCConfigurationList;
			buildConfigurations = (
				064DA0512BF410670051E798 /* Debug */,
				064DA0522BF410670051E798 /* Release */,
			);
			defaultConfigurationIsVisible = 0;
			defaultConfigurationName = Release;
		};
		064DA0532BF410670051E798 /* Build configuration list for PBXNativeTarget "myLibrary" */ = {
			isa = XCConfigurationList;
			buildConfigurations = (
				064DA0542BF410670051E798 /* Debug */,
				064DA0552BF410670051E798 /* Release */,
			);
			defaultConfigurationIsVisible = 0;
			defaultConfigurationName = Release;
		};
/* End XCConfigurationList section */
	};
	rootObject = 064DA0372BF410660051E798 /* Project object */;
}
